version = 1
revision = 3
requires-python = ">=3.10"
resolution-markers = [
    "python_full_version >= '3.11'",
    "python_full_version < '3.11'",
]

[[package]]
name = "metalogue"
source = { editable = "../" }

[package.metadata]

[package.metadata.requires-dev]
dev = [
    { name = "pytest", specifier = ">=8.3.5" },
    { name = "ty", specifier = ">=0.0.12" },
]

[[package]]
name = "mlx"
version = "0.30.3"
source = { registry = "https://pypi.org/simple" }
dependencies = [
    { name = "mlx-metal", marker = "sys_platform == 'darwin'" },
]
wheels = [
    { url = "https://files.pythonhosted.org/packages/9c/9c/d6f72f04eeeeaeee8309397efcfa0e923189d0b720f4ac6b3887d0a2f40b/mlx-0.30.3-cp310-cp310-macosx_14_0_arm64.whl", hash = "sha256:685051761e428336f8f19ae76a761ce99d29ff67c52738f15ce6409e2ff34e6b", size = 568453, upload-time = "2026-01-14T01:16:40.796Z" },
    { url = "https://files.pythonhosted.org/packages/db/59/505717fd63f62d766f054ab8770d08e98b10217c0995bd2555429863fd31/mlx-0.30.3-cp310-cp310-macosx_15_0_arm64.whl", hash = "sha256:e405e6575e3b0b00dd6bd02bdb415b638cd5c2e5faedb696df2b2c8fbe871240", size = 568451, upload-time = "2026-01-14T01:16:42.027Z" },
    { url = "https://files.pythonhosted.org/packages/86/9c/a5319ae8ed0baa76fde80def12391ae13acec1b88904d4ead9bbabc9a083/mlx-0.30.3-cp310-cp310-macosx_26_0_arm64.whl", hash = "sha256:46894eb528457483aec44227f61afdff424cb76d146a6e1727d03ea0f52be41b", size = 568309, upload-time = "2026-01-14T05:52:06.915Z" },
    { url = "https://files.pythonhosted.org/packages/8c/7c/ac360b04c6b09acf11fcb54068909ca030325b248557930f6991d5601436/mlx-0.30.3-cp310-cp310-manylinux_2_35_aarch64.whl", hash = "sha256:a18e1b380130a77feda83b8bb8a7ff5a24f78e7263af484c6627f23e4210bdaf", size = 631435, upload-time = "2026-01-14T01:16:43.085Z" },
    { url = "https://files.pythonhosted.org/packages/01/b5/3becb2c93955d43539d9c916b33899a57c50099c29310dc2b5c68ff7a88d/mlx-0.30.3-cp310-cp310-manylinux_2_35_x86_64.whl", hash = "sha256:c27f8e78b89cf97411d740a2ca46accf6c6e3fcc43d1e906389abff1f0e00376", size = 664899, upload-time = "2026-01-14T01:16:44.623Z" },
    { url = "https://files.pythonhosted.org/packages/78/b6/dfcfffc41d832a86249715fab336dc8638c2237035287eb24af792484c53/mlx-0.30.3-cp311-cp311-macosx_14_0_arm64.whl", hash = "sha256:794e79587a4906bdb3c5473ef936f45008eaaa609a3c498cc29a442b2c829621", size = 568664, upload-time = "2026-01-14T01:16:45.573Z" },
    { url = "https://files.pythonhosted.org/packages/22/9f/22d494b83b611380063da31c2b482db8c620f7ad6531cfcd1e11f7c35852/mlx-0.30.3-cp311-cp311-macosx_15_0_arm64.whl", hash = "sha256:472cdc6eaca8610224621a1561e8c36477eab1a2f0dd3eb49b95484d739c4605", size = 568663, upload-time = "2026-01-14T01:16:46.588Z" },
    { url = "https://files.pythonhosted.org/packages/0d/76/b6fb0500aef8e9ed65d4730d8c34b13d7a770ca863b9af363b5713a16040/mlx-0.30.3-cp311-cp311-macosx_26_0_arm64.whl", hash = "sha256:a5d82be69c7e671dc4d5855d2f6aedcb507817e5985478903ab754b642d9ba01", size = 568522, upload-time = "2026-01-14T05:52:08.334Z" },
    { url = "https://files.pythonhosted.org/packages/6e/23/ea140c35419ec133e1037d34d94854474cdd72c89eedc3a90b8ec65fb0ff/mlx-0.30.3-cp311-cp311-manylinux_2_35_aarch64.whl", hash = "sha256:009a9a1d2e234b9b269f455729202feaf22eb1faf2c7b85818f2473f6c2f9cbe", size = 632235, upload-time = "2026-01-14T01:16:47.764Z" },
    { url = "https://files.pythonhosted.org/packages/af/18/335d2d455b1e15036e315c6b64de8e6b4b04ec60576e1b99a651a7487014/mlx-0.30.3-cp311-cp311-manylinux_2_35_x86_64.whl", hash = "sha256:ba7141b6c251207d26a5611a0038d121cd13e367a59589d8c827e6af06b1f406", size = 664821, upload-time = "2026-01-14T01:16:48.8Z" },
    { url = "https://files.pythonhosted.org/packages/11/b3/e24c3a69dad0cf4404bb174c6fed0d804022da64758cd815a254e1cd0627/mlx-0.30.3-cp312-cp312-macosx_14_0_arm64.whl", hash = "sha256:0b275168b80645a155b456e1a457a37fb5ee2c251e8fbd8db9e153351a9e2d2f", size = 569398, upload-time = "2026-01-14T01:16:49.804Z" },
    { url = "https://files.pythonhosted.org/packages/0b/87/d0804443da97a06d3439f6efb0ceffa178f530a121f0f4a6c77b39f8bfd7/mlx-0.30.3-cp312-cp312-macosx_15_0_arm64.whl", hash = "sha256:6e818de14864982e832344198240a1dafba7d3316c4eb6f1b8e43b4dd25dd2ef", size = 569396, upload-time = "2026-01-14T01:16:51.007Z" },
    { url = "https://files.pythonhosted.org/packages/cf/dc/7cdd95e4561b73fba8c86bf11293797076120400e472fe2a72ef483b6d8d/mlx-0.30.3-cp312-cp312-macosx_26_0_arm64.whl", hash = "sha256:d23b422209fd4b7ecacef59070321f8c6a122f906a5e9b6683a5fc9e1b8fcd5c", size = 569192, upload-time = "2026-01-14T05:52:09.715Z" },
    { url = "https://files.pythonhosted.org/packages/58/3b/6892f48dce949da7e1706cad45a1693857ef3adf23f849bf851c37e605eb/mlx-0.30.3-cp312-cp312-manylinux_2_35_aarch64.whl", hash = "sha256:f487461ffd5c2411c012dd8cd0d347dd807f05f223b1dec1c13bad0815cdcefd", size = 617390, upload-time = "2026-01-14T01:16:52.676Z" },
    { url = "https://files.pythonhosted.org/packages/66/ce/606e2111bc7c2ed1a2f2582caeb3e73b90e00d773d573fe9cd5dd36a0321/mlx-0.30.3-cp312-cp312-manylinux_2_35_x86_64.whl", hash = "sha256:b78627f324790fd0e06c4fa6e79b88094b342c5c425f8909de7c3f2fa5d01302", size = 659552, upload-time = "2026-01-14T01:16:53.888Z" },
    { url = "https://files.pythonhosted.org/packages/d0/22/42935d593fe82d3b98eb9d60e4620ed99703886635106f89d407c68f33bc/mlx-0.30.3-cp313-cp313-macosx_14_0_arm64.whl", hash = "sha256:743fac1e4f9e8e46c8262943c643a31139c255cdb256c99ad496958215ccac1e", size = 569344, upload-time = "2026-01-14T01:16:54.847Z" },
    { url = "https://files.pythonhosted.org/packages/7d/27/f2e7a5236289d45315d0215e8553b4dd7e2faaba3bcb5025b34b25d5ab66/mlx-0.30.3-cp313-cp313-macosx_15_0_arm64.whl", hash = "sha256:3b04ae81655aa0e63a6e8f2c749de3bbce64cf5b168ae10f39ed086dfa99e7f8", size = 569345, upload-time = "2026-01-14T01:16:56.564Z" },
    { url = "https://files.pythonhosted.org/packages/01/41/06b042457f51952456e9bb46b2c6e205ab3a28fc52d6751b5787fdb762b2/mlx-0.30.3-cp313-cp313-macosx_26_0_arm64.whl", hash = "sha256:ba9b5bdb1e929cc130af72efd7f73508c0f4e526d224489af7ec1c6419564659", size = 569213, upload-time = "2026-01-14T05:52:10.86Z" },
    { url = "https://files.pythonhosted.org/packages/ec/1e/f62c98fc0d2d878ee4235671f9d406b13cc9240493ba6fcfde2f72c2ff83/mlx-0.30.3-cp313-cp313-manylinux_2_35_aarch64.whl", hash = "sha256:dfe5c5b64e55398a22100804abbf9681996b03129e720e36b1727ed704db12b5", size = 617309, upload-time = "2026-01-14T01:16:57.58Z" },
    { url = "https://files.pythonhosted.org/packages/e9/62/811f064693449de740350d27793ce39343a460305ec8d878c318b80921d0/mlx-0.30.3-cp313-cp313-manylinux_2_35_x86_64.whl", hash = "sha256:a3364924610929936e6aaf13c71106161258e5a5d3f7813a64c07cc2435f9f55", size = 659521, upload-time = "2026-01-14T01:16:58.719Z" },
    { url = "https://files.pythonhosted.org/packages/82/e2/6e551bd48fb350fbf0ee4cc5cd09485437d260b8f4937f22d8623e14687a/mlx-0.30.3-cp314-cp314-macosx_14_0_arm64.whl", hash = "sha256:2c27fd8daaae14ca6cf407fcd236006a6e968f7708c8f61a2709116f2e754852", size = 571920, upload-time = "2026-01-14T01:16:59.683Z" },
    { url = "https://files.pythonhosted.org/packages/82/c0/561d1c9d3d12830b0e7fdcbd807585ef20909e398d4bcdbf25e4367543eb/mlx-0.30.3-cp314-cp314-macosx_15_0_arm64.whl", hash = "sha256:b755fd4ed4b6a2ae4dee3766b5a2ea52fcbe83ebd1cf018458e18b74139409f3", size = 571921, upload-time = "2026-01-14T01:17:00.868Z" },
    { url = "https://files.pythonhosted.org/packages/42/1a/fb573fc2edc22a777fa254ff5c0c886ffd2c88aeb1f21c45778ef170f990/mlx-0.30.3-cp314-cp314-macosx_26_0_arm64.whl", hash = "sha256:7e352c0369a2f7e54d4f317b434eab3333918ea9edde1c43c61d36386b6f76bf", size = 571732, upload-time = "2026-01-14T05:52:11.893Z" },
    { url = "https://files.pythonhosted.org/packages/9e/db/d0083e8f2205b3b2dcd9670eb6f0d6c1b7cbfea6b01a1f8bff39142edf44/mlx-0.30.3-cp314-cp314-manylinux_2_35_aarch64.whl", hash = "sha256:00ac867f3d003c1477a66a579442c2040ba7ea43ce3c174490d1f8bf379606bd", size = 619635, upload-time = "2026-01-14T01:17:01.812Z" },
    { url = "https://files.pythonhosted.org/packages/ab/90/ab0b93ff0e76da4fe0e878722c76a308cfb950b044a4676e9617276d8ccd/mlx-0.30.3-cp314-cp314-manylinux_2_35_x86_64.whl", hash = "sha256:5be7d0329036f09c6ed003ea3e307e97e3144f20a3e4711b01810d7d5013cf2c", size = 659652, upload-time = "2026-01-14T01:17:02.915Z" },
]

[[package]]
name = "mlx-metal"
version = "0.30.3"
source = { registry = "https://pypi.org/simple" }
wheels = [
    { url = "https://files.pythonhosted.org/packages/f6/63/4d8f6fefb507c028df4454dabfe8d8e0ad2961bb06510b6aca23d2d5b2be/mlx_metal-0.30.3-py3-none-macosx_14_0_arm64.whl", hash = "sha256:6276312b02353714c7c6515169569fe1c4bebe3229c8ecf1fdb375a13e78c966", size = 37716245, upload-time = "2026-01-14T01:16:34.838Z" },
    { url = "https://files.pythonhosted.org/packages/35/91/1d452e48a4bb4958844fd3bb28ae31b8de110549c009ebec5024ce27ebf3/mlx_metal-0.30.3-py3-none-macosx_15_0_arm64.whl", hash = "sha256:c096c0a3428f3f96a06220f97a36f9528b18bc05173f821eb05bc8458e723fa8", size = 37712125, upload-time = "2026-01-14T01:16:38.619Z" },
    { url = "https://files.pythonhosted.org/packages/fe/36/7a3cbca85542b5ca4faf871e35927f43aa0e3fc830ae5b699780fe723677/mlx_metal-0.30.3-py3-none-macosx_26_0_arm64.whl", hash = "sha256:69068533bd1ee8b0379ce5de57ed5fd313577a10ecab58e1332fd1ff7248a75e", size = 46488962, upload-time = "2026-01-14T05:52:04.523Z" },
]

[[package]]
name = "notes"
version = "0.0.1"
source = { virtual = "." }
dependencies = [
    { name = "metalogue" },
    { name = "mlx" },
]

[package.dev-dependencies]
dev = [
    { name = "metalogue" },
]

[package.metadata]
requires-dist = [
    { name = "metalogue", editable = "../" },
    { name = "mlx", specifier = ">=0.30.3" },
]

[package.metadata.requires-dev]
dev = [{ name = "metalogue", editable = "../" }]
